Microsoft Visual Studio Solution File, Format Version 12.00
# Visual Studio 15
VisualStudioVersion = 15.0.27428.2002
MinimumVisualStudioVersion = 10.0.40219.1
Project("{FAE04EC0-301F-11D3-BF4B-00C04F79EFBC}") = "GDD.Droid", "GDD.Droid\GDD.Droid.csproj", "{BB68EA03-5751-49D3-BB35-714953895BFB}"
EndProject
Project("{FAE04EC0-301F-11D3-BF4B-00C04F79EFBC}") = "GDD.Touch", "GDD.Touch\GDD.Touch.csproj", "{830952F0-8CF5-4841-9183-DBD1B72CEC42}"
EndProject
Project("{FAE04EC0-301F-11D3-BF4B-00C04F79EFBC}") = "GDD.Core", "GDD.Core\GDD.Core.csproj", "{52ABAC96-959F-4B0A-A3EB-4805E746E0C2}"
EndProject
Global
	GlobalSection(SolutionConfigurationPlatforms) = preSolution
		Debug|Any CPU = Debug|Any CPU
		Debug|iPhone = Debug|iPhone
		Debug|iPhoneSimulator = Debug|iPhoneSimulator
		Release|Any CPU = Release|Any CPU
		Release|iPhone = Release|iPhone
		Release|iPhoneSimulator = Release|iPhoneSimulator
	EndGlobalSection
	GlobalSection(ProjectConfigurationPlatforms) = postSolution
		{BB68EA03-5751-49D3-BB35-714953895BFB}.Debug|Any CPU.ActiveCfg = Debug|Any CPU
		{BB68EA03-5751-49D3-BB35-714953895BFB}.Debug|Any CPU.Build.0 = Debug|Any CPU
		{BB68EA03-5751-49D3-BB35-714953895BFB}.Debug|Any CPU.Deploy.0 = Debug|Any CPU
		{BB68EA03-5751-49D3-BB35-714953895BFB}.Debug|iPhone.ActiveCfg = Debug|Any CPU
		{BB68EA03-5751-49D3-BB35-714953895BFB}.Debug|iPhone.Build.0 = Debug|Any CPU
		{BB68EA03-5751-49D3-BB35-714953895BFB}.Debug|iPhoneSimulator.ActiveCfg = Debug|Any CPU
		{BB68EA03-5751-49D3-BB35-714953895BFB}.Debug|iPhoneSimulator.Build.0 = Debug|Any CPU
		{BB68EA03-5751-49D3-BB35-714953895BFB}.Release|Any CPU.ActiveCfg = Release|Any CPU
		{BB68EA03-5751-49D3-BB35-714953895BFB}.Release|Any CPU.Build.0 = Release|Any CPU
		{BB68EA03-5751-49D3-BB35-714953895BFB}.Release|iPhone.ActiveCfg = Release|Any CPU
		{BB68EA03-5751-49D3-BB35-714953895BFB}.Release|iPhone.Build.0 = Release|Any CPU
		{BB68EA03-5751-49D3-BB35-714953895BFB}.Release|iPhoneSimulator.ActiveCfg = Release|Any CPU
		{BB68EA03-5751-49D3-BB35-714953895BFB}.Release|iPhoneSimulator.Build.0 = Release|Any CPU
		{830952F0-8CF5-4841-9183-DBD1B72CEC42}.Debug|Any CPU.ActiveCfg = Debug|iPhoneSimulator
		{830952F0-8CF5-4841-9183-DBD1B72CEC42}.Debug|Any CPU.Build.0 = Debug|iPhoneSimulator
		{830952F0-8CF5-4841-9183-DBD1B72CEC42}.Debug|iPhone.ActiveCfg = Debug|iPhone
		{830952F0-8CF5-4841-9183-DBD1B72CEC42}.Debug|iPhone.Build.0 = Debug|iPhone
		{830952F0-8CF5-4841-9183-DBD1B72CEC42}.Debug|iPhoneSimulator.ActiveCfg = Debug|iPhoneSimulator
		{830952F0-8CF5-4841-9183-DBD1B72CEC42}.Debug|iPhoneSimulator.Build.0 = Debug|iPhoneSimulator
		{830952F0-8CF5-4841-9183-DBD1B72CEC42}.Release|Any CPU.ActiveCfg = Release|iPhone
		{830952F0-8CF5-4841-9183-DBD1B72CEC42}.Release|Any CPU.Build.0 = Release|iPhone
		{830952F0-8CF5-4841-9183-DBD1B72CEC42}.Release|iPhone.ActiveCfg = Release|iPhone
		{830952F0-8CF5-4841-9183-DBD1B72CEC42}.Release|iPhone.Build.0 = Release|iPhone
		{830952F0-8CF5-4841-9183-DBD1B72CEC42}.Release|iPhoneSimulator.ActiveCfg = Release|iPhoneSimulator
		{830952F0-8CF5-4841-9183-DBD1B72CEC42}.Release|iPhoneSimulator.Build.0 = Release|iPhoneSimulator
		{52ABAC96-959F-4B0A-A3EB-4805E746E0C2}.Debug|Any CPU.ActiveCfg = Debug|Any CPU
		{52ABAC96-959F-4B0A-A3EB-4805E746E0C2}.Debug|Any CPU.Build.0 = Debug|Any CPU
		{52ABAC96-959F-4B0A-A3EB-4805E746E0C2}.Debug|iPhone.ActiveCfg = Debug|Any CPU
		{52ABAC96-959F-4B0A-A3EB-4805E746E0C2}.Debug|iPhone.Build.0 = Debug|Any CPU
		{52ABAC96-959F-4B0A-A3EB-4805E746E0C2}.Debug|iPhoneSimulator.ActiveCfg = Debug|Any CPU
		{52ABAC96-959F-4B0A-A3EB-4805E746E0C2}.Debug|iPhoneSimulator.Build.0 = Debug|Any CPU
		{52ABAC96-959F-4B0A-A3EB-4805E746E0C2}.Release|Any CPU.ActiveCfg = Release|Any CPU
		{52ABAC96-959F-4B0A-A3EB-4805E746E0C2}.Release|Any CPU.Build.0 = Release|Any CPU
		{52ABAC96-959F-4B0A-A3EB-4805E746E0C2}.Release|iPhone.ActiveCfg = Release|Any CPU
		{52ABAC96-959F-4B0A-A3EB-4805E746E0C2}.Release|iPhone.Build.0 = Release|Any CPU
		{52ABAC96-959F-4B0A-A3EB-4805E746E0C2}.Release|iPhoneSimulator.ActiveCfg = Release|Any CPU
		{52ABAC96-959F-4B0A-A3EB-4805E746E0C2}.Release|iPhoneSimulator.Build.0 = Release|Any CPU
	EndGlobalSection
	GlobalSection(SolutionProperties) = preSolution
		HideSolutionNode = FALSE
	EndGlobalSection
	GlobalSection(ExtensibilityGlobals) = postSolution
		SolutionGuid = {849368C2-E79A-4E23-AAF8-1D9DCE5D7A6F}
	EndGlobalSection
EndGlobal
